
Microsoft Visual Studio Solution File, Format Version 10.00
# Visual Studio 2008
Project("{FAE04EC0-301F-11D3-BF4B-00C04F79EFBC}") = "HmiSplash", "HmiSplash\HmiSplash.csproj", "{CE33A13B-076C-4836-83BB-448C43B94180}"
EndProject
Global
	GlobalSection(SolutionConfigurationPlatforms) = preSolution
		Debug|Any CPU = Debug|Any CPU
		Release|Any CPU = Release|Any CPU
	EndGlobalSection
	GlobalSection(ProjectConfigurationPlatforms) = postSolution
		{CE33A13B-076C-4836-83BB-448C43B94180}.Debug|Any CPU.ActiveCfg = Debug|Any CPU
		{CE33A13B-076C-4836-83BB-448C43B94180}.Debug|Any CPU.Build.0 = Debug|Any CPU
		{CE33A13B-076C-4836-83BB-448C43B94180}.Debug|Any CPU.Deploy.0 = Debug|Any CPU
		{CE33A13B-076C-4836-83BB-448C43B94180}.Release|Any CPU.ActiveCfg = Release|Any CPU
		{CE33A13B-076C-4836-83BB-448C43B94180}.Release|Any CPU.Build.0 = Release|Any CPU
		{CE33A13B-076C-4836-83BB-448C43B94180}.Release|Any CPU.Deploy.0 = Release|Any CPU
	EndGlobalSection
	GlobalSection(SolutionProperties) = preSolution
		HideSolutionNode = FALSE
	EndGlobalSection
EndGlobal
